
Microsoft Visual Studio Solution File, Format Version 12.00
# Visual Studio Version 17
VisualStudioVersion = 17.14.36511.14 d17.14
MinimumVisualStudioVersion = 10.0.40219.1
Project("{FAE04EC0-301F-11D3-BF4B-00C04F79EFBC}") = "WindowsFormsApp8", "WindowsFormsApp8.csproj", "{C75928F8-813C-4C61-8768-42D6A3D2968B}"
EndProject
Global
	GlobalSection(SolutionConfigurationPlatforms) = preSolution
		Debug|Any CPU = Debug|Any CPU
		Release|Any CPU = Release|Any CPU
	EndGlobalSection
	GlobalSection(ProjectConfigurationPlatforms) = postSolution
		{C75928F8-813C-4C61-8768-42D6A3D2968B}.Debug|Any CPU.ActiveCfg = Debug|Any CPU
		{C75928F8-813C-4C61-8768-42D6A3D2968B}.Debug|Any CPU.Build.0 = Debug|Any CPU
		{C75928F8-813C-4C61-8768-42D6A3D2968B}.Release|Any CPU.ActiveCfg = Release|Any CPU
		{C75928F8-813C-4C61-8768-42D6A3D2968B}.Release|Any CPU.Build.0 = Release|Any CPU
	EndGlobalSection
	GlobalSection(SolutionProperties) = preSolution
		HideSolutionNode = FALSE
	EndGlobalSection
	GlobalSection(ExtensibilityGlobals) = postSolution
		SolutionGuid = {95E16E34-4AEA-4933-8CCB-D3F9D77A6C92}
	EndGlobalSection
EndGlobal
